
Microsoft Visual Studio Solution File, Format Version 12.00
# Visual Studio 14
VisualStudioVersion = 14.0.25420.1
MinimumVisualStudioVersion = 10.0.40219.1
Project("{FAE04EC0-301F-11D3-BF4B-00C04F79EFBC}") = "EventSourcing.Tests", "EventSourcing.Tests\EventSourcing.Tests.csproj", "{EBF6CDFC-2F75-4166-9E6B-B10C1F8442D0}"
EndProject
Project("{FAE04EC0-301F-11D3-BF4B-00C04F79EFBC}") = "EventSourcing.Processors", "EventSourcing.Processors\EventSourcing.Processors.csproj", "{70F930CC-01FF-4EE4-868E-448271A9C2D4}"
EndProject
Project("{FAE04EC0-301F-11D3-BF4B-00C04F79EFBC}") = "EventSourcing.Tests.Domain", "EventSourcing.Domain\EventSourcing.Tests.Domain.csproj", "{84676E35-807E-44F7-82EA-EBA955550906}"
EndProject
Project("{FAE04EC0-301F-11D3-BF4B-00C04F79EFBC}") = "EventSourcing.Common", "EventSourcing.Common\EventSourcing.Common.csproj", "{84A579CC-45A9-4C85-89FC-3D5CB97539BE}"
EndProject
Project("{FAE04EC0-301F-11D3-BF4B-00C04F79EFBC}") = "EventSourcing.TableStorageDal", "EventSourcing.TableStorageDal\EventSourcing.TableStorageDal.csproj", "{10CD965A-B886-42A6-B5FA-D9DB3C2B6763}"
EndProject
Project("{FAE04EC0-301F-11D3-BF4B-00C04F79EFBC}") = "EventSourcing.ServiceBusMessaging", "EventSourcing.ServiceBusMessaging\EventSourcing.ServiceBusMessaging.csproj", "{975B0A72-32F3-4F3B-A3E9-EF4EF398A582}"
EndProject
Project("{2150E333-8FDC-42A3-9474-1A3956D46DE8}") = "Framework", "Framework", "{E5903D05-5ADF-47E2-A27D-FA25B3A71DC2}"
EndProject
Project("{2150E333-8FDC-42A3-9474-1A3956D46DE8}") = "Tests", "Tests", "{57678451-8DB3-4847-9DFC-A5BD9C254220}"
EndProject
Project("{2150E333-8FDC-42A3-9474-1A3956D46DE8}") = "Provider", "Provider", "{59742202-D3EF-49FE-ACDA-3D56BB4CD264}"
EndProject
Project("{FAE04EC0-301F-11D3-BF4B-00C04F79EFBC}") = "EventSourcing.Tests.Common", "EventSourcing.Tests.Common\EventSourcing.Tests.Common.csproj", "{AA3BA153-D9A3-4C16-928C-3728CD512067}"
EndProject
Project("{FAE04EC0-301F-11D3-BF4B-00C04F79EFBC}") = "EventSourcing.InMemoryProviders", "EventSourcing.InMemoryProviders\EventSourcing.InMemoryProviders.csproj", "{6B262C08-04C7-4002-B297-375436D58C45}"
EndProject
Project("{FAE04EC0-301F-11D3-BF4B-00C04F79EFBC}") = "EventSourcing.Tests.Server", "EventSourcing.Tests.Server\EventSourcing.Tests.Server.csproj", "{EA795FF8-CE41-4FDA-9F97-1454D9AEB474}"
EndProject
Global
	GlobalSection(SolutionConfigurationPlatforms) = preSolution
		Debug|Any CPU = Debug|Any CPU
		Release|Any CPU = Release|Any CPU
	EndGlobalSection
	GlobalSection(ProjectConfigurationPlatforms) = postSolution
		{EBF6CDFC-2F75-4166-9E6B-B10C1F8442D0}.Debug|Any CPU.ActiveCfg = Debug|Any CPU
		{EBF6CDFC-2F75-4166-9E6B-B10C1F8442D0}.Debug|Any CPU.Build.0 = Debug|Any CPU
		{EBF6CDFC-2F75-4166-9E6B-B10C1F8442D0}.Release|Any CPU.ActiveCfg = Release|Any CPU
		{EBF6CDFC-2F75-4166-9E6B-B10C1F8442D0}.Release|Any CPU.Build.0 = Release|Any CPU
		{70F930CC-01FF-4EE4-868E-448271A9C2D4}.Debug|Any CPU.ActiveCfg = Debug|Any CPU
		{70F930CC-01FF-4EE4-868E-448271A9C2D4}.Debug|Any CPU.Build.0 = Debug|Any CPU
		{70F930CC-01FF-4EE4-868E-448271A9C2D4}.Release|Any CPU.ActiveCfg = Release|Any CPU
		{70F930CC-01FF-4EE4-868E-448271A9C2D4}.Release|Any CPU.Build.0 = Release|Any CPU
		{84676E35-807E-44F7-82EA-EBA955550906}.Debug|Any CPU.ActiveCfg = Debug|Any CPU
		{84676E35-807E-44F7-82EA-EBA955550906}.Debug|Any CPU.Build.0 = Debug|Any CPU
		{84676E35-807E-44F7-82EA-EBA955550906}.Release|Any CPU.ActiveCfg = Release|Any CPU
		{84676E35-807E-44F7-82EA-EBA955550906}.Release|Any CPU.Build.0 = Release|Any CPU
		{84A579CC-45A9-4C85-89FC-3D5CB97539BE}.Debug|Any CPU.ActiveCfg = Debug|Any CPU
		{84A579CC-45A9-4C85-89FC-3D5CB97539BE}.Debug|Any CPU.Build.0 = Debug|Any CPU
		{84A579CC-45A9-4C85-89FC-3D5CB97539BE}.Release|Any CPU.ActiveCfg = Release|Any CPU
		{84A579CC-45A9-4C85-89FC-3D5CB97539BE}.Release|Any CPU.Build.0 = Release|Any CPU
		{10CD965A-B886-42A6-B5FA-D9DB3C2B6763}.Debug|Any CPU.ActiveCfg = Debug|Any CPU
		{10CD965A-B886-42A6-B5FA-D9DB3C2B6763}.Debug|Any CPU.Build.0 = Debug|Any CPU
		{10CD965A-B886-42A6-B5FA-D9DB3C2B6763}.Release|Any CPU.ActiveCfg = Release|Any CPU
		{10CD965A-B886-42A6-B5FA-D9DB3C2B6763}.Release|Any CPU.Build.0 = Release|Any CPU
		{975B0A72-32F3-4F3B-A3E9-EF4EF398A582}.Debug|Any CPU.ActiveCfg = Debug|Any CPU
		{975B0A72-32F3-4F3B-A3E9-EF4EF398A582}.Debug|Any CPU.Build.0 = Debug|Any CPU
		{975B0A72-32F3-4F3B-A3E9-EF4EF398A582}.Release|Any CPU.ActiveCfg = Release|Any CPU
		{975B0A72-32F3-4F3B-A3E9-EF4EF398A582}.Release|Any CPU.Build.0 = Release|Any CPU
		{AA3BA153-D9A3-4C16-928C-3728CD512067}.Debug|Any CPU.ActiveCfg = Debug|Any CPU
		{AA3BA153-D9A3-4C16-928C-3728CD512067}.Debug|Any CPU.Build.0 = Debug|Any CPU
		{AA3BA153-D9A3-4C16-928C-3728CD512067}.Release|Any CPU.ActiveCfg = Release|Any CPU
		{AA3BA153-D9A3-4C16-928C-3728CD512067}.Release|Any CPU.Build.0 = Release|Any CPU
		{6B262C08-04C7-4002-B297-375436D58C45}.Debug|Any CPU.ActiveCfg = Debug|Any CPU
		{6B262C08-04C7-4002-B297-375436D58C45}.Debug|Any CPU.Build.0 = Debug|Any CPU
		{6B262C08-04C7-4002-B297-375436D58C45}.Release|Any CPU.ActiveCfg = Release|Any CPU
		{6B262C08-04C7-4002-B297-375436D58C45}.Release|Any CPU.Build.0 = Release|Any CPU
		{EA795FF8-CE41-4FDA-9F97-1454D9AEB474}.Debug|Any CPU.ActiveCfg = Debug|Any CPU
		{EA795FF8-CE41-4FDA-9F97-1454D9AEB474}.Debug|Any CPU.Build.0 = Debug|Any CPU
		{EA795FF8-CE41-4FDA-9F97-1454D9AEB474}.Release|Any CPU.ActiveCfg = Release|Any CPU
		{EA795FF8-CE41-4FDA-9F97-1454D9AEB474}.Release|Any CPU.Build.0 = Release|Any CPU
	EndGlobalSection
	GlobalSection(SolutionProperties) = preSolution
		HideSolutionNode = FALSE
	EndGlobalSection
	GlobalSection(NestedProjects) = preSolution
		{EBF6CDFC-2F75-4166-9E6B-B10C1F8442D0} = {57678451-8DB3-4847-9DFC-A5BD9C254220}
		{70F930CC-01FF-4EE4-868E-448271A9C2D4} = {E5903D05-5ADF-47E2-A27D-FA25B3A71DC2}
		{84676E35-807E-44F7-82EA-EBA955550906} = {57678451-8DB3-4847-9DFC-A5BD9C254220}
		{84A579CC-45A9-4C85-89FC-3D5CB97539BE} = {E5903D05-5ADF-47E2-A27D-FA25B3A71DC2}
		{10CD965A-B886-42A6-B5FA-D9DB3C2B6763} = {59742202-D3EF-49FE-ACDA-3D56BB4CD264}
		{975B0A72-32F3-4F3B-A3E9-EF4EF398A582} = {59742202-D3EF-49FE-ACDA-3D56BB4CD264}
		{AA3BA153-D9A3-4C16-928C-3728CD512067} = {57678451-8DB3-4847-9DFC-A5BD9C254220}
		{6B262C08-04C7-4002-B297-375436D58C45} = {59742202-D3EF-49FE-ACDA-3D56BB4CD264}
		{EA795FF8-CE41-4FDA-9F97-1454D9AEB474} = {57678451-8DB3-4847-9DFC-A5BD9C254220}
	EndGlobalSection
EndGlobal
